// !$*UTF8*$!
{
	archiveVersion = 1;
	classes = {
	};
	objectVersion = 46;
	objects = {

/* Begin PBXBuildFile section */
		97A22D60160A248B00FD113B /* UIKit.framework in Frameworks */ = {isa = PBXBuildFile; fileRef = 97A22D5F160A248B00FD113B /* UIKit.framework */; };
		97A22D62160A248B00FD113B /* Foundation.framework in Frameworks */ = {isa = PBXBuildFile; fileRef = 97A22D61160A248B00FD113B /* Foundation.framework */; };
		97A22D64160A248B00FD113B /* CoreGraphics.framework in Frameworks */ = {isa = PBXBuildFile; fileRef = 97A22D63160A248B00FD113B /* CoreGraphics.framework */; };
		97A22D6A160A248B00FD113B /* InfoPlist.strings in Resources */ = {isa = PBXBuildFile; fileRef = 97A22D68160A248B00FD113B /* InfoPlist.strings */; };
		97A22D6C160A248B00FD113B /* main.m in Sources */ = {isa = PBXBuildFile; fileRef = 97A22D6B160A248B00FD113B /* main.m */; };
		97A22D70160A248B00FD113B /* AppDelegate.m in Sources */ = {isa = PBXBuildFile; fileRef = 97A22D6F160A248B00FD113B /* AppDelegate.m */; };
		97A22D73160A248B00FD113B /* MainStoryboard.storyboard in Resources */ = {isa = PBXBuildFile; fileRef = 97A22D71160A248B00FD113B /* MainStoryboard.storyboard */; };
		97A22D76160A248B00FD113B /* ViewController.m in Sources */ = {isa = PBXBuildFile; fileRef = 97A22D75160A248B00FD113B /* ViewController.m */; };
		97A22D7E160A248B00FD113B /* SenTestingKit.framework in Frameworks */ = {isa = PBXBuildFile; fileRef = 97A22D7D160A248B00FD113B /* SenTestingKit.framework */; };
		97A22D7F160A248B00FD113B /* UIKit.framework in Frameworks */ = {isa = PBXBuildFile; fileRef = 97A22D5F160A248B00FD113B /* UIKit.framework */; };
		97A22D80160A248B00FD113B /* Foundation.framework in Frameworks */ = {isa = PBXBuildFile; fileRef = 97A22D61160A248B00FD113B /* Foundation.framework */; };
		97A22D88160A248B00FD113B /* InfoPlist.strings in Resources */ = {isa = PBXBuildFile; fileRef = 97A22D86160A248B00FD113B /* InfoPlist.strings */; };
		97A22D8B160A248B00FD113B /* irof_historyTests.m in Sources */ = {isa = PBXBuildFile; fileRef = 97A22D8A160A248B00FD113B /* irof_historyTests.m */; };
/* End PBXBuildFile section */

/* Begin PBXContainerItemProxy section */
		97A22D81160A248B00FD113B /* PBXContainerItemProxy */ = {
			isa = PBXContainerItemProxy;
			containerPortal = 97A22D52160A248B00FD113B /* Project object */;
			proxyType = 1;
			remoteGlobalIDString = 97A22D5A160A248B00FD113B;
			remoteInfo = irof_history;
		};
/* End PBXContainerItemProxy section */

/* Begin PBXFileReference section */
		97A22D5B160A248B00FD113B /* irof_history.app */ = {isa = PBXFileReference; explicitFileType = wrapper.application; includeInIndex = 0; path = irof_history.app; sourceTree = BUILT_PRODUCTS_DIR; };
		97A22D5F160A248B00FD113B /* UIKit.framework */ = {isa = PBXFileReference; lastKnownFileType = wrapper.framework; name = UIKit.framework; path = System/Library/Frameworks/UIKit.framework; sourceTree = SDKROOT; };
		97A22D61160A248B00FD113B /* Foundation.framework */ = {isa = PBXFileReference; lastKnownFileType = wrapper.framework; name = Foundation.framework; path = System/Library/Frameworks/Foundation.framework; sourceTree = SDKROOT; };
		97A22D63160A248B00FD113B /* CoreGraphics.framework */ = {isa = PBXFileReference; lastKnownFileType = wrapper.framework; name = CoreGraphics.framework; path = System/Library/Frameworks/CoreGraphics.framework; sourceTree = SDKROOT; };
		97A22D67160A248B00FD113B /* irof_history-Info.plist */ = {isa = PBXFileReference; lastKnownFileType = text.plist.xml; path = "irof_history-Info.plist"; sourceTree = "<group>"; };
		97A22D69160A248B00FD113B /* en */ = {isa = PBXFileReference; lastKnownFileType = text.plist.strings; name = en; path = en.lproj/InfoPlist.strings; sourceTree = "<group>"; };
		97A22D6B160A248B00FD113B /* main.m */ = {isa = PBXFileReference; lastKnownFileType = sourcecode.c.objc; path = main.m; sourceTree = "<group>"; };
		97A22D6D160A248B00FD113B /* irof_history-Prefix.pch */ = {isa = PBXFileReference; lastKnownFileType = sourcecode.c.h; path = "irof_history-Prefix.pch"; sourceTree = "<group>"; };
		97A22D6E160A248B00FD113B /* AppDelegate.h */ = {isa = PBXFileReference; lastKnownFileType = sourcecode.c.h; path = AppDelegate.h; sourceTree = "<group>"; };
		97A22D6F160A248B00FD113B /* AppDelegate.m */ = {isa = PBXFileReference; lastKnownFileType = sourcecode.c.objc; path = AppDelegate.m; sourceTree = "<group>"; };
		97A22D72160A248B00FD113B /* en */ = {isa = PBXFileReference; lastKnownFileType = file.storyboard; name = en; path = en.lproj/MainStoryboard.storyboard; sourceTree = "<group>"; };
		97A22D74160A248B00FD113B /* ViewController.h */ = {isa = PBXFileReference; lastKnownFileType = sourcecode.c.h; path = ViewController.h; sourceTree = "<group>"; };
		97A22D75160A248B00FD113B /* ViewController.m */ = {isa = PBXFileReference; lastKnownFileType = sourcecode.c.objc; path = ViewController.m; sourceTree = "<group>"; };
		97A22D7C160A248B00FD113B /* irof_historyTests.octest */ = {isa = PBXFileReference; explicitFileType = wrapper.cfbundle; includeInIndex = 0; path = irof_historyTests.octest; sourceTree = BUILT_PRODUCTS_DIR; };
		97A22D7D160A248B00FD113B /* SenTestingKit.framework */ = {isa = PBXFileReference; lastKnownFileType = wrapper.framework; name = SenTestingKit.framework; path = Library/Frameworks/SenTestingKit.framework; sourceTree = DEVELOPER_DIR; };
		97A22D85160A248B00FD113B /* irof_historyTests-Info.plist */ = {isa = PBXFileReference; lastKnownFileType = text.plist.xml; path = "irof_historyTests-Info.plist"; sourceTree = "<group>"; };
		97A22D87160A248B00FD113B /* en */ = {isa = PBXFileReference; lastKnownFileType = text.plist.strings; name = en; path = en.lproj/InfoPlist.strings; sourceTree = "<group>"; };
		97A22D89160A248B00FD113B /* irof_historyTests.h */ = {isa = PBXFileReference; lastKnownFileType = sourcecode.c.h; path = irof_historyTests.h; sourceTree = "<group>"; };
		97A22D8A160A248B00FD113B /* irof_historyTests.m */ = {isa = PBXFileReference; lastKnownFileType = sourcecode.c.objc; path = irof_historyTests.m; sourceTree = "<group>"; };
/* End PBXFileReference section */

/* Begin PBXFrameworksBuildPhase section */
		97A22D58160A248B00FD113B /* Frameworks */ = {
			isa = PBXFrameworksBuildPhase;
			buildActionMask = 2147483647;
			files = (
				97A22D60160A248B00FD113B /* UIKit.framework in Frameworks */,
				97A22D62160A248B00FD113B /* Foundation.framework in Frameworks */,
				97A22D64160A248B00FD113B /* CoreGraphics.framework in Frameworks */,
			);
			runOnlyForDeploymentPostprocessing = 0;
		};
		97A22D78160A248B00FD113B /* Frameworks */ = {
			isa = PBXFrameworksBuildPhase;
			buildActionMask = 2147483647;
			files = (
				97A22D7E160A248B00FD113B /* SenTestingKit.framework in Frameworks */,
				97A22D7F160A248B00FD113B /* UIKit.framework in Frameworks */,
				97A22D80160A248B00FD113B /* Foundation.framework in Frameworks */,
			);
			runOnlyForDeploymentPostprocessing = 0;
		};
/* End PBXFrameworksBuildPhase section */

/* Begin PBXGroup section */
		97A22D50160A248B00FD113B = {
			isa = PBXGroup;
			children = (
				97A22D65160A248B00FD113B /* irof_history */,
				97A22D83160A248B00FD113B /* irof_historyTests */,
				97A22D5E160A248B00FD113B /* Frameworks */,
				97A22D5C160A248B00FD113B /* Products */,
			);
			sourceTree = "<group>";
		};
		97A22D5C160A248B00FD113B /* Products */ = {
			isa = PBXGroup;
			children = (
				97A22D5B160A248B00FD113B /* irof_history.app */,
				97A22D7C160A248B00FD113B /* irof_historyTests.octest */,
			);
			name = Products;
			sourceTree = "<group>";
		};
		97A22D5E160A248B00FD113B /* Frameworks */ = {
			isa = PBXGroup;
			children = (
				97A22D5F160A248B00FD113B /* UIKit.framework */,
				97A22D61160A248B00FD113B /* Foundation.framework */,
				97A22D63160A248B00FD113B /* CoreGraphics.framework */,
				97A22D7D160A248B00FD113B /* SenTestingKit.framework */,
			);
			name = Frameworks;
			sourceTree = "<group>";
		};
		97A22D65160A248B00FD113B /* irof_history */ = {
			isa = PBXGroup;
			children = (
				97A22D6E160A248B00FD113B /* AppDelegate.h */,
				97A22D6F160A248B00FD113B /* AppDelegate.m */,
				97A22D71160A248B00FD113B /* MainStoryboard.storyboard */,
				97A22D74160A248B00FD113B /* ViewController.h */,
				97A22D75160A248B00FD113B /* ViewController.m */,
				97A22D66160A248B00FD113B /* Supporting Files */,
			);
			path = irof_history;
			sourceTree = "<group>";
		};
		97A22D66160A248B00FD113B /* Supporting Files */ = {
			isa = PBXGroup;
			children = (
				97A22D67160A248B00FD113B /* irof_history-Info.plist */,
				97A22D68160A248B00FD113B /* InfoPlist.strings */,
				97A22D6B160A248B00FD113B /* main.m */,
				97A22D6D160A248B00FD113B /* irof_history-Prefix.pch */,
			);
			name = "Supporting Files";
			sourceTree = "<group>";
		};
		97A22D83160A248B00FD113B /* irof_historyTests */ = {
			isa = PBXGroup;
			children = (
				97A22D89160A248B00FD113B /* irof_historyTests.h */,
				97A22D8A160A248B00FD113B /* irof_historyTests.m */,
				97A22D84160A248B00FD113B /* Supporting Files */,
			);
			path = irof_historyTests;
			sourceTree = "<group>";
		};
		97A22D84160A248B00FD113B /* Supporting Files */ = {
			isa = PBXGroup;
			children = (
				97A22D85160A248B00FD113B /* irof_historyTests-Info.plist */,
				97A22D86160A248B00FD113B /* InfoPlist.strings */,
			);
			name = "Supporting Files";
			sourceTree = "<group>";
		};
/* End PBXGroup section */

/* Begin PBXNativeTarget section */
		97A22D5A160A248B00FD113B /* irof_history */ = {
			isa = PBXNativeTarget;
			buildConfigurationList = 97A22D8E160A248B00FD113B /* Build configuration list for PBXNativeTarget "irof_history" */;
			buildPhases = (
				97A22D57160A248B00FD113B /* Sources */,
				97A22D58160A248B00FD113B /* Frameworks */,
				97A22D59160A248B00FD113B /* Resources */,
			);
			buildRules = (
			);
			dependencies = (
			);
			name = irof_history;
			productName = irof_history;
			productReference = 97A22D5B160A248B00FD113B /* irof_history.app */;
			productType = "com.apple.product-type.application";
		};
		97A22D7B160A248B00FD113B /* irof_historyTests */ = {
			isa = PBXNativeTarget;
			buildConfigurationList = 97A22D91160A248B00FD113B /* Build configuration list for PBXNativeTarget "irof_historyTests" */;
			buildPhases = (
				97A22D77160A248B00FD113B /* Sources */,
				97A22D78160A248B00FD113B /* Frameworks */,
				97A22D79160A248B00FD113B /* Resources */,
				97A22D7A160A248B00FD113B /* ShellScript */,
			);
			buildRules = (
			);
			dependencies = (
				97A22D82160A248B00FD113B /* PBXTargetDependency */,
			);
			name = irof_historyTests;
			productName = irof_historyTests;
			productReference = 97A22D7C160A248B00FD113B /* irof_historyTests.octest */;
			productType = "com.apple.product-type.bundle";
		};
/* End PBXNativeTarget section */

/* Begin PBXProject section */
		97A22D52160A248B00FD113B /* Project object */ = {
			isa = PBXProject;
			attributes = {
				LastUpgradeCheck = 0440;
				ORGANIZATIONNAME = ayato_p;
			};
			buildConfigurationList = 97A22D55160A248B00FD113B /* Build configuration list for PBXProject "irof_history" */;
			compatibilityVersion = "Xcode 3.2";
			developmentRegion = English;
			hasScannedForEncodings = 0;
			knownRegions = (
				en,
			);
			mainGroup = 97A22D50160A248B00FD113B;
			productRefGroup = 97A22D5C160A248B00FD113B /* Products */;
			projectDirPath = "";
			projectRoot = "";
			targets = (
				97A22D5A160A248B00FD113B /* irof_history */,
				97A22D7B160A248B00FD113B /* irof_historyTests */,
			);
		};
/* End PBXProject section */

/* Begin PBXResourcesBuildPhase section */
		97A22D59160A248B00FD113B /* Resources */ = {
			isa = PBXResourcesBuildPhase;
			buildActionMask = 2147483647;
			files = (
				97A22D6A160A248B00FD113B /* InfoPlist.strings in Resources */,
				97A22D73160A248B00FD113B /* MainStoryboard.storyboard in Resources */,
			);
			runOnlyForDeploymentPostprocessing = 0;
		};
		97A22D79160A248B00FD113B /* Resources */ = {
			isa = PBXResourcesBuildPhase;
			buildActionMask = 2147483647;
			files = (
				97A22D88160A248B00FD113B /* InfoPlist.strings in Resources */,
			);
			runOnlyForDeploymentPostprocessing = 0;
		};
/* End PBXResourcesBuildPhase section */

/* Begin PBXShellScriptBuildPhase section */
		97A22D7A160A248B00FD113B /* ShellScript */ = {
			isa = PBXShellScriptBuildPhase;
			buildActionMask = 2147483647;
			files = (
			);
			inputPaths = (
			);
			outputPaths = (
			);
			runOnlyForDeploymentPostprocessing = 0;
			shellPath = /bin/sh;
			shellScript = "# Run the unit tests in this test bundle.\n\"${SYSTEM_DEVELOPER_DIR}/Tools/RunUnitTests\"\n";
		};
/* End PBXShellScriptBuildPhase section */

/* Begin PBXSourcesBuildPhase section */
		97A22D57160A248B00FD113B /* Sources */ = {
			isa = PBXSourcesBuildPhase;
			buildActionMask = 2147483647;
			files = (
				97A22D6C160A248B00FD113B /* main.m in Sources */,
				97A22D70160A248B00FD113B /* AppDelegate.m in Sources */,
				97A22D76160A248B00FD113B /* ViewController.m in Sources */,
			);
			runOnlyForDeploymentPostprocessing = 0;
		};
		97A22D77160A248B00FD113B /* Sources */ = {
			isa = PBXSourcesBuildPhase;
			buildActionMask = 2147483647;
			files = (
				97A22D8B160A248B00FD113B /* irof_historyTests.m in Sources */,
			);
			runOnlyForDeploymentPostprocessing = 0;
		};
/* End PBXSourcesBuildPhase section */

/* Begin PBXTargetDependency section */
		97A22D82160A248B00FD113B /* PBXTargetDependency */ = {
			isa = PBXTargetDependency;
			target = 97A22D5A160A248B00FD113B /* irof_history */;
			targetProxy = 97A22D81160A248B00FD113B /* PBXContainerItemProxy */;
		};
/* End PBXTargetDependency section */

/* Begin PBXVariantGroup section */
		97A22D68160A248B00FD113B /* InfoPlist.strings */ = {
			isa = PBXVariantGroup;
			children = (
				97A22D69160A248B00FD113B /* en */,
			);
			name = InfoPlist.strings;
			sourceTree = "<group>";
		};
		97A22D71160A248B00FD113B /* MainStoryboard.storyboard */ = {
			isa = PBXVariantGroup;
			children = (
				97A22D72160A248B00FD113B /* en */,
			);
			name = MainStoryboard.storyboard;
			sourceTree = "<group>";
		};
		97A22D86160A248B00FD113B /* InfoPlist.strings */ = {
			isa = PBXVariantGroup;
			children = (
				97A22D87160A248B00FD113B /* en */,
			);
			name = InfoPlist.strings;
			sourceTree = "<group>";
		};
/* End PBXVariantGroup section */

/* Begin XCBuildConfiguration section */
		97A22D8C160A248B00FD113B /* Debug */ = {
			isa = XCBuildConfiguration;
			buildSettings = {
				ALWAYS_SEARCH_USER_PATHS = NO;
				ARCHS = "$(ARCHS_STANDARD_32_BIT)";
				CLANG_CXX_LANGUAGE_STANDARD = "gnu++0x";
				CLANG_ENABLE_OBJC_ARC = YES;
				CLANG_WARN__DUPLICATE_METHOD_MATCH = YES;
				"CODE_SIGN_IDENTITY[sdk=iphoneos*]" = "iPhone Developer";
				COPY_PHASE_STRIP = NO;
				GCC_C_LANGUAGE_STANDARD = gnu99;
				GCC_DYNAMIC_NO_PIC = NO;
				GCC_OPTIMIZATION_LEVEL = 0;
				GCC_PREPROCESSOR_DEFINITIONS = (
					"DEBUG=1",
					"$(inherited)",
				);
				GCC_SYMBOLS_PRIVATE_EXTERN = NO;
				GCC_VERSION = com.apple.compilers.llvm.clang.1_0;
				GCC_WARN_ABOUT_RETURN_TYPE = YES;
				GCC_WARN_UNINITIALIZED_AUTOS = YES;
				GCC_WARN_UNUSED_VARIABLE = YES;
				IPHONEOS_DEPLOYMENT_TARGET = 5.1;
				SDKROOT = iphoneos;
			};
			name = Debug;
		};
		97A22D8D160A248B00FD113B /* Release */ = {
			isa = XCBuildConfiguration;
			buildSettings = {
				ALWAYS_SEARCH_USER_PATHS = NO;
				ARCHS = "$(ARCHS_STANDARD_32_BIT)";
				CLANG_CXX_LANGUAGE_STANDARD = "gnu++0x";
				CLANG_ENABLE_OBJC_ARC = YES;
				CLANG_WARN__DUPLICATE_METHOD_MATCH = YES;
				"CODE_SIGN_IDENTITY[sdk=iphoneos*]" = "iPhone Developer";
				COPY_PHASE_STRIP = YES;
				GCC_C_LANGUAGE_STANDARD = gnu99;
				GCC_VERSION = com.apple.compilers.llvm.clang.1_0;
				GCC_WARN_ABOUT_RETURN_TYPE = YES;
				GCC_WARN_UNINITIALIZED_AUTOS = YES;
				GCC_WARN_UNUSED_VARIABLE = YES;
				IPHONEOS_DEPLOYMENT_TARGET = 5.1;
				OTHER_CFLAGS = "-DNS_BLOCK_ASSERTIONS=1";
				SDKROOT = iphoneos;
				VALIDATE_PRODUCT = YES;
			};
			name = Release;
		};
		97A22D8F160A248B00FD113B /* Debug */ = {
			isa = XCBuildConfiguration;
			buildSettings = {
				GCC_PRECOMPILE_PREFIX_HEADER = YES;
				GCC_PREFIX_HEADER = "irof_history/irof_history-Prefix.pch";
				INFOPLIST_FILE = "irof_history/irof_history-Info.plist";
				PRODUCT_NAME = "$(TARGET_NAME)";
				WRAPPER_EXTENSION = app;
			};
			name = Debug;
		};
		97A22D90160A248B00FD113B /* Release */ = {
			isa = XCBuildConfiguration;
			buildSettings = {
				GCC_PRECOMPILE_PREFIX_HEADER = YES;
				GCC_PREFIX_HEADER = "irof_history/irof_history-Prefix.pch";
				INFOPLIST_FILE = "irof_history/irof_history-Info.plist";
				PRODUCT_NAME = "$(TARGET_NAME)";
				WRAPPER_EXTENSION = app;
			};
			name = Release;
		};
		97A22D92160A248B00FD113B /* Debug */ = {
			isa = XCBuildConfiguration;
			buildSettings = {
				BUNDLE_LOADER = "$(BUILT_PRODUCTS_DIR)/irof_history.app/irof_history";
				FRAMEWORK_SEARCH_PATHS = (
					"\"$(SDKROOT)/Developer/Library/Frameworks\"",
					"\"$(DEVELOPER_LIBRARY_DIR)/Frameworks\"",
				);
				GCC_PRECOMPILE_PREFIX_HEADER = YES;
				GCC_PREFIX_HEADER = "irof_history/irof_history-Prefix.pch";
				INFOPLIST_FILE = "irof_historyTests/irof_historyTests-Info.plist";
				PRODUCT_NAME = "$(TARGET_NAME)";
				TEST_HOST = "$(BUNDLE_LOADER)";
				WRAPPER_EXTENSION = octest;
			};
			name = Debug;
		};
		97A22D93160A248B00FD113B /* Release */ = {
			isa = XCBuildConfiguration;
			buildSettings = {
				BUNDLE_LOADER = "$(BUILT_PRODUCTS_DIR)/irof_history.app/irof_history";
				FRAMEWORK_SEARCH_PATHS = (
					"\"$(SDKROOT)/Developer/Library/Frameworks\"",
					"\"$(DEVELOPER_LIBRARY_DIR)/Frameworks\"",
				);
				GCC_PRECOMPILE_PREFIX_HEADER = YES;
				GCC_PREFIX_HEADER = "irof_history/irof_history-Prefix.pch";
				INFOPLIST_FILE = "irof_historyTests/irof_historyTests-Info.plist";
				PRODUCT_NAME = "$(TARGET_NAME)";
				TEST_HOST = "$(BUNDLE_LOADER)";
				WRAPPER_EXTENSION = octest;
			};
			name = Release;
		};
/* End XCBuildConfiguration section */

/* Begin XCConfigurationList section */
		97A22D55160A248B00FD113B /* Build configuration list for PBXProject "irof_history" */ = {
			isa = XCConfigurationList;
			buildConfigurations = (
				97A22D8C160A248B00FD113B /* Debug */,
				97A22D8D160A248B00FD113B /* Release */,
			);
			defaultConfigurationIsVisible = 0;
			defaultConfigurationName = Release;
		};
		97A22D8E160A248B00FD113B /* Build configuration list for PBXNativeTarget "irof_history" */ = {
			isa = XCConfigurationList;
			buildConfigurations = (
				97A22D8F160A248B00FD113B /* Debug */,
				97A22D90160A248B00FD113B /* Release */,
			);
			defaultConfigurationIsVisible = 0;
		};
		97A22D91160A248B00FD113B /* Build configuration list for PBXNativeTarget "irof_historyTests" */ = {
			isa = XCConfigurationList;
			buildConfigurations = (
				97A22D92160A248B00FD113B /* Debug */,
				97A22D93160A248B00FD113B /* Release */,
			);
			defaultConfigurationIsVisible = 0;
		};
/* End XCConfigurationList section */
	};
	rootObject = 97A22D52160A248B00FD113B /* Project object */;
}
